# THIS IS AN AUTOGENERATED FILE. DO NOT EDIT THIS FILE DIRECTLY.
# yarn lockfile v1


"@types/codemirror@^0.0.96":
  version "0.0.96"
  resolved "https://registry.yarnpkg.com/@types/codemirror/-/codemirror-0.0.96.tgz#73b52e784a246cebef31d544fef45ea764de5bad"
  integrity sha512-GTswEV26Bl1byRxpD3sKd1rT2AISr0rK9ImlJgEzfvqhcVWeu4xQKFQI6UgSC95NT5swNG4st/oRMeGVZgPj9w==
  dependencies:
    "@types/tern" "*"

"@types/estree@*":
  version "0.0.45"
  resolved "https://registry.yarnpkg.com/@types/estree/-/estree-0.0.45.tgz#e9387572998e5ecdac221950dab3e8c3b16af884"
  integrity sha512-jnqIUKDUqJbDIUxm0Uj7bnlMnRm1T/eZ9N+AVMqhPgzrba2GhGG5o/jCTwmdPK709nEZsGoMzXEDUjcXHa3W0g==

"@types/node@^10.12.1":
  version "10.12.30"
  resolved "https://registry.npmjs.org/@types%2fnode/-/node-10.12.30.tgz#4c2b4f0015f214f8158a347350481322b3b29b2f"
  integrity sha512-nsqTN6zUcm9xtdJiM9OvOJ5EF0kOI8f1Zuug27O/rgtxCRJHGqncSWfCMZUP852dCKPsDsYXGvBhxfRjDBkF5Q==

"@types/tern@*":
  version "0.23.3"
  resolved "https://registry.yarnpkg.com/@types/tern/-/tern-0.23.3.tgz#4b54538f04a88c9ff79de1f6f94f575a7f339460"
  integrity sha512-imDtS4TAoTcXk0g7u4kkWqedB3E4qpjXzCpD2LU5M5NAXHzCDsypyvXSaG7mM8DKYkCRa7tFp4tS/lp/Wo7Q3w==
  dependencies:
    "@types/estree" "*"

ng2-file-upload@^1.4.0:
  version "1.4.0"
  resolved "https://registry.npmjs.org/ng2-file-upload/-/ng2-file-upload-1.4.0.tgz#8dea28d573234c52af474ad2a4001b335271e5c4"
  integrity sha512-3J/KPU/tyh/ad6TFeUbrxX+SihUj0iOEt2Zsg4EX7mB3GFiQscXOfcUOxCkBtPWWWaqt3azrYbVGzsYa3/7NzQ==
  dependencies:
    tslib "^1.9.0"

ngx-monaco-editor@^9.0.0:
  version "9.0.0"
  resolved "https://registry.yarnpkg.com/ngx-monaco-editor/-/ngx-monaco-editor-9.0.0.tgz#bb69784606f549e369cee3f483ecf26bab2fcc97"
  integrity sha512-fPXT3M8W920Vs0KPMX6iA7GJYjBRnl9naug9A7D2inPPzxQGtgPZrSEatIPf37a6ir9Ts+8fwt1bTkFzfTgIpQ==

tslib@^1.9.0:
  version "1.13.0"
  resolved "https://registry.npmjs.org/tslib/-/tslib-1.13.0.tgz#c881e13cc7015894ed914862d276436fa9a47043"
  integrity sha512-i/6DQjL8Xf3be4K/E6Wgpekn5Qasl1usyw++dAA35Ue5orEn65VIxOA+YvNNl9HV3qv70T7CNwjODHZrLwvd1Q==
